
Microsoft Visual Studio Solution File, Format Version 11.00
# Visual Studio 2010
Project("{FAE04EC0-301F-11D3-BF4B-00C04F79EFBC}") = "Spark", "source\Spark\Spark.csproj", "{778B8278-6619-46EA-82BF-E0E08A96C130}"
	ProjectSection(ProjectDependencies) = postProject
		{3D48A402-9D90-4EA9-A89C-82294ACA724A} = {3D48A402-9D90-4EA9-A89C-82294ACA724A}
	EndProjectSection
EndProject
Project("{FAE04EC0-301F-11D3-BF4B-00C04F79EFBC}") = "sparkc", "source\sparkc\sparkc.csproj", "{2D0AC63E-52E5-4571-9C9C-EFF8DFC334D4}"
EndProject
Project("{8BC9CEB8-8B4A-11D0-8D11-00A0C91BC942}") = "SparkCPP", "source\SparkCPP\SparkCPP.vcxproj", "{9A1155D8-D029-4B77-A9E9-36EFCDEDAA14}"
	ProjectSection(ProjectDependencies) = postProject
		{7DF738A2-3254-4212-8660-CDDFFF1A2B7C} = {7DF738A2-3254-4212-8660-CDDFFF1A2B7C}
	EndProjectSection
EndProject
Project("{8BC9CEB8-8B4A-11D0-8D11-00A0C91BC942}") = "SparkGenerateParser", "source\Spark\SparkGenerateParser.vcxproj", "{3D48A402-9D90-4EA9-A89C-82294ACA724A}"
EndProject
Project("{8BC9CEB8-8B4A-11D0-8D11-00A0C91BC942}") = "BasicHLSL11", "examples\Direct3D11\BasicHLSL11\BasicHLSL11_2010.vcxproj", "{752AE97D-4770-4B71-B28F-36136621C134}"
	ProjectSection(ProjectDependencies) = postProject
		{3D48A402-9D90-4EA9-A89C-82294ACA724A} = {3D48A402-9D90-4EA9-A89C-82294ACA724A}
		{2D0AC63E-52E5-4571-9C9C-EFF8DFC334D4} = {2D0AC63E-52E5-4571-9C9C-EFF8DFC334D4}
		{778B8278-6619-46EA-82BF-E0E08A96C130} = {778B8278-6619-46EA-82BF-E0E08A96C130}
		{7DF738A2-3254-4212-8660-CDDFFF1A2B7C} = {7DF738A2-3254-4212-8660-CDDFFF1A2B7C}
		{9A1155D8-D029-4B77-A9E9-36EFCDEDAA14} = {9A1155D8-D029-4B77-A9E9-36EFCDEDAA14}
	EndProjectSection
EndProject
Project("{8BC9CEB8-8B4A-11D0-8D11-00A0C91BC942}") = "SparkBuildLLVM", "source\SparkCPP\SparkBuildLLVM.vcxproj", "{7DF738A2-3254-4212-8660-CDDFFF1A2B7C}"
EndProject
Project("{8BC9CEB8-8B4A-11D0-8D11-00A0C91BC942}") = "PNTriangles11", "examples\Direct3D11\PNTriangles11\PNTriangles11_2010.vcxproj", "{AAF0FC07-A239-4007-9F04-4DB8413BDE63}"
	ProjectSection(ProjectDependencies) = postProject
		{3D48A402-9D90-4EA9-A89C-82294ACA724A} = {3D48A402-9D90-4EA9-A89C-82294ACA724A}
		{2D0AC63E-52E5-4571-9C9C-EFF8DFC334D4} = {2D0AC63E-52E5-4571-9C9C-EFF8DFC334D4}
		{778B8278-6619-46EA-82BF-E0E08A96C130} = {778B8278-6619-46EA-82BF-E0E08A96C130}
		{7DF738A2-3254-4212-8660-CDDFFF1A2B7C} = {7DF738A2-3254-4212-8660-CDDFFF1A2B7C}
		{9A1155D8-D029-4B77-A9E9-36EFCDEDAA14} = {9A1155D8-D029-4B77-A9E9-36EFCDEDAA14}
	EndProjectSection
EndProject
Project("{8BC9CEB8-8B4A-11D0-8D11-00A0C91BC942}") = "Effects11", "examples\Effects11\Effects11_2010.vcxproj", "{DF460EAB-570D-4B50-9089-2E2FC801BF38}"
EndProject
Project("{8BC9CEB8-8B4A-11D0-8D11-00A0C91BC942}") = "CubeMapGS", "examples\Direct3D11\CubeMapGS11\CubeMapGS_2010.vcxproj", "{D3D10102-96D0-4629-88B8-122C0256058C}"
	ProjectSection(ProjectDependencies) = postProject
		{3D48A402-9D90-4EA9-A89C-82294ACA724A} = {3D48A402-9D90-4EA9-A89C-82294ACA724A}
		{2D0AC63E-52E5-4571-9C9C-EFF8DFC334D4} = {2D0AC63E-52E5-4571-9C9C-EFF8DFC334D4}
		{778B8278-6619-46EA-82BF-E0E08A96C130} = {778B8278-6619-46EA-82BF-E0E08A96C130}
		{7DF738A2-3254-4212-8660-CDDFFF1A2B7C} = {7DF738A2-3254-4212-8660-CDDFFF1A2B7C}
		{9A1155D8-D029-4B77-A9E9-36EFCDEDAA14} = {9A1155D8-D029-4B77-A9E9-36EFCDEDAA14}
	EndProjectSection
EndProject
Project("{8BC9CEB8-8B4A-11D0-8D11-00A0C91BC942}") = "DeferredShading", "examples\Direct3D11\DeferredShading\DeferredShading_2010.vcxproj", "{BBD7C58F-4FAE-4F8A-854D-328A240505E8}"
EndProject
Global
	GlobalSection(SolutionConfigurationPlatforms) = preSolution
		Debug|Mixed Platforms = Debug|Mixed Platforms
		Debug|Win32 = Debug|Win32
		Release|Mixed Platforms = Release|Mixed Platforms
		Release|Win32 = Release|Win32
	EndGlobalSection
	GlobalSection(ProjectConfigurationPlatforms) = postSolution
		{778B8278-6619-46EA-82BF-E0E08A96C130}.Debug|Mixed Platforms.ActiveCfg = Debug|x86
		{778B8278-6619-46EA-82BF-E0E08A96C130}.Debug|Mixed Platforms.Build.0 = Debug|x86
		{778B8278-6619-46EA-82BF-E0E08A96C130}.Debug|Win32.ActiveCfg = Debug|x86
		{778B8278-6619-46EA-82BF-E0E08A96C130}.Debug|Win32.Build.0 = Debug|x86
		{778B8278-6619-46EA-82BF-E0E08A96C130}.Release|Mixed Platforms.ActiveCfg = Release|x86
		{778B8278-6619-46EA-82BF-E0E08A96C130}.Release|Mixed Platforms.Build.0 = Release|x86
		{778B8278-6619-46EA-82BF-E0E08A96C130}.Release|Win32.ActiveCfg = Release|x86
		{778B8278-6619-46EA-82BF-E0E08A96C130}.Release|Win32.Build.0 = Release|x86
		{2D0AC63E-52E5-4571-9C9C-EFF8DFC334D4}.Debug|Mixed Platforms.ActiveCfg = Debug|x86
		{2D0AC63E-52E5-4571-9C9C-EFF8DFC334D4}.Debug|Mixed Platforms.Build.0 = Debug|x86
		{2D0AC63E-52E5-4571-9C9C-EFF8DFC334D4}.Debug|Win32.ActiveCfg = Debug|x86
		{2D0AC63E-52E5-4571-9C9C-EFF8DFC334D4}.Debug|Win32.Build.0 = Debug|x86
		{2D0AC63E-52E5-4571-9C9C-EFF8DFC334D4}.Release|Mixed Platforms.ActiveCfg = Release|x86
		{2D0AC63E-52E5-4571-9C9C-EFF8DFC334D4}.Release|Mixed Platforms.Build.0 = Release|x86
		{2D0AC63E-52E5-4571-9C9C-EFF8DFC334D4}.Release|Win32.ActiveCfg = Release|x86
		{2D0AC63E-52E5-4571-9C9C-EFF8DFC334D4}.Release|Win32.Build.0 = Release|x86
		{9A1155D8-D029-4B77-A9E9-36EFCDEDAA14}.Debug|Mixed Platforms.ActiveCfg = Debug|Win32
		{9A1155D8-D029-4B77-A9E9-36EFCDEDAA14}.Debug|Mixed Platforms.Build.0 = Debug|Win32
		{9A1155D8-D029-4B77-A9E9-36EFCDEDAA14}.Debug|Win32.ActiveCfg = Debug|Win32
		{9A1155D8-D029-4B77-A9E9-36EFCDEDAA14}.Debug|Win32.Build.0 = Debug|Win32
		{9A1155D8-D029-4B77-A9E9-36EFCDEDAA14}.Release|Mixed Platforms.ActiveCfg = Release|Win32
		{9A1155D8-D029-4B77-A9E9-36EFCDEDAA14}.Release|Mixed Platforms.Build.0 = Release|Win32
		{9A1155D8-D029-4B77-A9E9-36EFCDEDAA14}.Release|Win32.ActiveCfg = Release|Win32
		{9A1155D8-D029-4B77-A9E9-36EFCDEDAA14}.Release|Win32.Build.0 = Release|Win32
		{3D48A402-9D90-4EA9-A89C-82294ACA724A}.Debug|Mixed Platforms.ActiveCfg = Debug|Win32
		{3D48A402-9D90-4EA9-A89C-82294ACA724A}.Debug|Mixed Platforms.Build.0 = Debug|Win32
		{3D48A402-9D90-4EA9-A89C-82294ACA724A}.Debug|Win32.ActiveCfg = Debug|Win32
		{3D48A402-9D90-4EA9-A89C-82294ACA724A}.Debug|Win32.Build.0 = Debug|Win32
		{3D48A402-9D90-4EA9-A89C-82294ACA724A}.Release|Mixed Platforms.ActiveCfg = Release|Win32
		{3D48A402-9D90-4EA9-A89C-82294ACA724A}.Release|Mixed Platforms.Build.0 = Release|Win32
		{3D48A402-9D90-4EA9-A89C-82294ACA724A}.Release|Win32.ActiveCfg = Release|Win32
		{3D48A402-9D90-4EA9-A89C-82294ACA724A}.Release|Win32.Build.0 = Release|Win32
		{752AE97D-4770-4B71-B28F-36136621C134}.Debug|Mixed Platforms.ActiveCfg = Debug|Win32
		{752AE97D-4770-4B71-B28F-36136621C134}.Debug|Mixed Platforms.Build.0 = Debug|Win32
		{752AE97D-4770-4B71-B28F-36136621C134}.Debug|Win32.ActiveCfg = Debug|Win32
		{752AE97D-4770-4B71-B28F-36136621C134}.Debug|Win32.Build.0 = Debug|Win32
		{752AE97D-4770-4B71-B28F-36136621C134}.Release|Mixed Platforms.ActiveCfg = Release|Win32
		{752AE97D-4770-4B71-B28F-36136621C134}.Release|Mixed Platforms.Build.0 = Release|Win32
		{752AE97D-4770-4B71-B28F-36136621C134}.Release|Win32.ActiveCfg = Release|Win32
		{752AE97D-4770-4B71-B28F-36136621C134}.Release|Win32.Build.0 = Release|Win32
		{7DF738A2-3254-4212-8660-CDDFFF1A2B7C}.Debug|Mixed Platforms.ActiveCfg = Debug|Win32
		{7DF738A2-3254-4212-8660-CDDFFF1A2B7C}.Debug|Mixed Platforms.Build.0 = Debug|Win32
		{7DF738A2-3254-4212-8660-CDDFFF1A2B7C}.Debug|Win32.ActiveCfg = Debug|Win32
		{7DF738A2-3254-4212-8660-CDDFFF1A2B7C}.Debug|Win32.Build.0 = Debug|Win32
		{7DF738A2-3254-4212-8660-CDDFFF1A2B7C}.Release|Mixed Platforms.ActiveCfg = Release|Win32
		{7DF738A2-3254-4212-8660-CDDFFF1A2B7C}.Release|Mixed Platforms.Build.0 = Release|Win32
		{7DF738A2-3254-4212-8660-CDDFFF1A2B7C}.Release|Win32.ActiveCfg = Release|Win32
		{7DF738A2-3254-4212-8660-CDDFFF1A2B7C}.Release|Win32.Build.0 = Release|Win32
		{AAF0FC07-A239-4007-9F04-4DB8413BDE63}.Debug|Mixed Platforms.ActiveCfg = Debug|Win32
		{AAF0FC07-A239-4007-9F04-4DB8413BDE63}.Debug|Mixed Platforms.Build.0 = Debug|Win32
		{AAF0FC07-A239-4007-9F04-4DB8413BDE63}.Debug|Win32.ActiveCfg = Debug|Win32
		{AAF0FC07-A239-4007-9F04-4DB8413BDE63}.Debug|Win32.Build.0 = Debug|Win32
		{AAF0FC07-A239-4007-9F04-4DB8413BDE63}.Release|Mixed Platforms.ActiveCfg = Release|Win32
		{AAF0FC07-A239-4007-9F04-4DB8413BDE63}.Release|Mixed Platforms.Build.0 = Release|Win32
		{AAF0FC07-A239-4007-9F04-4DB8413BDE63}.Release|Win32.ActiveCfg = Release|Win32
		{AAF0FC07-A239-4007-9F04-4DB8413BDE63}.Release|Win32.Build.0 = Release|Win32
		{DF460EAB-570D-4B50-9089-2E2FC801BF38}.Debug|Mixed Platforms.ActiveCfg = Debug|Win32
		{DF460EAB-570D-4B50-9089-2E2FC801BF38}.Debug|Mixed Platforms.Build.0 = Debug|Win32
		{DF460EAB-570D-4B50-9089-2E2FC801BF38}.Debug|Win32.ActiveCfg = Debug|Win32
		{DF460EAB-570D-4B50-9089-2E2FC801BF38}.Debug|Win32.Build.0 = Debug|Win32
		{DF460EAB-570D-4B50-9089-2E2FC801BF38}.Release|Mixed Platforms.ActiveCfg = Release|Win32
		{DF460EAB-570D-4B50-9089-2E2FC801BF38}.Release|Mixed Platforms.Build.0 = Release|Win32
		{DF460EAB-570D-4B50-9089-2E2FC801BF38}.Release|Win32.ActiveCfg = Release|Win32
		{DF460EAB-570D-4B50-9089-2E2FC801BF38}.Release|Win32.Build.0 = Release|Win32
		{D3D10102-96D0-4629-88B8-122C0256058C}.Debug|Mixed Platforms.ActiveCfg = Debug|Win32
		{D3D10102-96D0-4629-88B8-122C0256058C}.Debug|Mixed Platforms.Build.0 = Debug|Win32
		{D3D10102-96D0-4629-88B8-122C0256058C}.Debug|Win32.ActiveCfg = Debug|Win32
		{D3D10102-96D0-4629-88B8-122C0256058C}.Debug|Win32.Build.0 = Debug|Win32
		{D3D10102-96D0-4629-88B8-122C0256058C}.Release|Mixed Platforms.ActiveCfg = Release|Win32
		{D3D10102-96D0-4629-88B8-122C0256058C}.Release|Mixed Platforms.Build.0 = Release|Win32
		{D3D10102-96D0-4629-88B8-122C0256058C}.Release|Win32.ActiveCfg = Release|Win32
		{D3D10102-96D0-4629-88B8-122C0256058C}.Release|Win32.Build.0 = Release|Win32
		{BBD7C58F-4FAE-4F8A-854D-328A240505E8}.Debug|Mixed Platforms.ActiveCfg = Debug|Win32
		{BBD7C58F-4FAE-4F8A-854D-328A240505E8}.Debug|Mixed Platforms.Build.0 = Debug|Win32
		{BBD7C58F-4FAE-4F8A-854D-328A240505E8}.Debug|Win32.ActiveCfg = Debug|Win32
		{BBD7C58F-4FAE-4F8A-854D-328A240505E8}.Debug|Win32.Build.0 = Debug|Win32
		{BBD7C58F-4FAE-4F8A-854D-328A240505E8}.Release|Mixed Platforms.ActiveCfg = Release|Win32
		{BBD7C58F-4FAE-4F8A-854D-328A240505E8}.Release|Mixed Platforms.Build.0 = Release|Win32
		{BBD7C58F-4FAE-4F8A-854D-328A240505E8}.Release|Win32.ActiveCfg = Release|Win32
		{BBD7C58F-4FAE-4F8A-854D-328A240505E8}.Release|Win32.Build.0 = Release|Win32
	EndGlobalSection
	GlobalSection(SolutionProperties) = preSolution
		HideSolutionNode = FALSE
	EndGlobalSection
EndGlobal
