
Microsoft Visual Studio Solution File, Format Version 11.00
# Visual Studio 2010
Project("{8BC9CEB8-8B4A-11D0-8D11-00A0C91BC942}") = "BasicHLSL11", "examples\Direct3D11\BasicHLSL11\BasicHLSL11_2010.vcxproj", "{752AE97D-4770-4B71-B28F-36136621C134}"
EndProject
Project("{8BC9CEB8-8B4A-11D0-8D11-00A0C91BC942}") = "PNTriangles11", "examples\Direct3D11\PNTriangles11\PNTriangles11_2010.vcxproj", "{AAF0FC07-A239-4007-9F04-4DB8413BDE63}"
EndProject
Project("{8BC9CEB8-8B4A-11D0-8D11-00A0C91BC942}") = "Effects11", "examples\Effects11\Effects11_2010.vcxproj", "{DF460EAB-570D-4B50-9089-2E2FC801BF38}"
EndProject
Project("{8BC9CEB8-8B4A-11D0-8D11-00A0C91BC942}") = "CubeMapGS", "examples\Direct3D11\CubeMapGS11\CubeMapGS_2010.vcxproj", "{D3D10102-96D0-4629-88B8-122C0256058C}"
EndProject
Global
	GlobalSection(SolutionConfigurationPlatforms) = preSolution
		Debug|Win32 = Debug|Win32
		Release|Win32 = Release|Win32
	EndGlobalSection
	GlobalSection(ProjectConfigurationPlatforms) = postSolution
		{752AE97D-4770-4B71-B28F-36136621C134}.Debug|Win32.ActiveCfg = Debug|Win32
		{752AE97D-4770-4B71-B28F-36136621C134}.Debug|Win32.Build.0 = Debug|Win32
		{752AE97D-4770-4B71-B28F-36136621C134}.Release|Win32.ActiveCfg = Release|Win32
		{752AE97D-4770-4B71-B28F-36136621C134}.Release|Win32.Build.0 = Release|Win32
		{AAF0FC07-A239-4007-9F04-4DB8413BDE63}.Debug|Win32.ActiveCfg = Debug|Win32
		{AAF0FC07-A239-4007-9F04-4DB8413BDE63}.Debug|Win32.Build.0 = Debug|Win32
		{AAF0FC07-A239-4007-9F04-4DB8413BDE63}.Release|Win32.ActiveCfg = Release|Win32
		{AAF0FC07-A239-4007-9F04-4DB8413BDE63}.Release|Win32.Build.0 = Release|Win32
		{DF460EAB-570D-4B50-9089-2E2FC801BF38}.Debug|Win32.ActiveCfg = Debug|Win32
		{DF460EAB-570D-4B50-9089-2E2FC801BF38}.Debug|Win32.Build.0 = Debug|Win32
		{DF460EAB-570D-4B50-9089-2E2FC801BF38}.Release|Win32.ActiveCfg = Release|Win32
		{DF460EAB-570D-4B50-9089-2E2FC801BF38}.Release|Win32.Build.0 = Release|Win32
		{D3D10102-96D0-4629-88B8-122C0256058C}.Debug|Win32.ActiveCfg = Debug|Win32
		{D3D10102-96D0-4629-88B8-122C0256058C}.Debug|Win32.Build.0 = Debug|Win32
		{D3D10102-96D0-4629-88B8-122C0256058C}.Release|Win32.ActiveCfg = Release|Win32
		{D3D10102-96D0-4629-88B8-122C0256058C}.Release|Win32.Build.0 = Release|Win32
	EndGlobalSection
	GlobalSection(SolutionProperties) = preSolution
		HideSolutionNode = FALSE
	EndGlobalSection
EndGlobal
